
Microsoft Visual Studio Solution File, Format Version 12.00
# Visual Studio Version 17
VisualStudioVersion = 17.6.33815.320
MinimumVisualStudioVersion = 10.0.40219.1
Project("{9A19103F-16F7-4668-BE54-9A1E7A4F7556}") = "Playground", "Playground\Playground.csproj", "{31525DBF-D320-42C6-859B-21A71B86735F}"
EndProject
Project("{9A19103F-16F7-4668-BE54-9A1E7A4F7556}") = "TraTech.BpmnInterpreter", "TraTech.BpmnInterpreter\TraTech.BpmnInterpreter.csproj", "{DA33BB30-856F-4135-AB1A-A2EDD6388E01}"
EndProject
Global
	GlobalSection(SolutionConfigurationPlatforms) = preSolution
		Debug|Any CPU = Debug|Any CPU
		Release|Any CPU = Release|Any CPU
	EndGlobalSection
	GlobalSection(ProjectConfigurationPlatforms) = postSolution
		{31525DBF-D320-42C6-859B-21A71B86735F}.Debug|Any CPU.ActiveCfg = Debug|Any CPU
		{31525DBF-D320-42C6-859B-21A71B86735F}.Debug|Any CPU.Build.0 = Debug|Any CPU
		{31525DBF-D320-42C6-859B-21A71B86735F}.Release|Any CPU.ActiveCfg = Release|Any CPU
		{31525DBF-D320-42C6-859B-21A71B86735F}.Release|Any CPU.Build.0 = Release|Any CPU
		{DA33BB30-856F-4135-AB1A-A2EDD6388E01}.Debug|Any CPU.ActiveCfg = Debug|Any CPU
		{DA33BB30-856F-4135-AB1A-A2EDD6388E01}.Debug|Any CPU.Build.0 = Debug|Any CPU
		{DA33BB30-856F-4135-AB1A-A2EDD6388E01}.Release|Any CPU.ActiveCfg = Release|Any CPU
		{DA33BB30-856F-4135-AB1A-A2EDD6388E01}.Release|Any CPU.Build.0 = Release|Any CPU
	EndGlobalSection
	GlobalSection(SolutionProperties) = preSolution
		HideSolutionNode = FALSE
	EndGlobalSection
	GlobalSection(ExtensibilityGlobals) = postSolution
		SolutionGuid = {6C3C98CC-EF2E-4CBD-92C5-C02A4D21D302}
	EndGlobalSection
EndGlobal
